{
  "version": 4,
  "terraform_version": "1.3.5",
  "serial": 198,
  "lineage": "5f3d2c87-718f-0491-625f-abd7e0c36ada",
  "outputs": {
    "public_ip_address_ansible": {
      "value": "20.231.42.55",
      "type": "string"
    },
    "public_ip_address_public": {
      "value": "20.231.42.108",
      "type": "string"
    }
  },
  "resources": [
    {
      "mode": "data",
      "type": "cloudinit_config",
      "name": "ansible",
      "provider": "provider[\"registry.terraform.io/hashicorp/cloudinit\"]",
      "instances": [
        {
          "schema_version": 0,
          "attributes": {
            "base64_encode": true,
            "boundary": "MIMEBOUNDARY",
            "gzip": true,
            "id": "3294137937",
            "part": [
              {
                "content": "#cloud-config\r\napt:\r\n  preserve_sources_list: true\r\n  sources:\r\n    ansible:\r\n      source: \"ppa:ansible/ansible\" \r\npackages:\r\n  - software-properties-common\r\n  - ansible\r\npackage_update: true\r\npackage_upgrade: true\r\npackage_reboot_if_required: true",
                "content_type": "text/cloud-config",
                "filename": "userdata_ansible.cfg",
                "merge_type": ""
              }
            ],
            "rendered": "H4sIAAAAAAAA/2SRQWvrMBCE7wL/B+F3VvLe6YFDDm2TQw9poaSFnsxaWrtLbUldrdrk35ekdpOQk9iZb4YB3QUv6MVs9xErPeReKALLfKAduoVuQvYOeL8sN/eb9e3j88Pq5um1VIfLvCAnCr7S/2Z/C1UoY86hQk3dK0oxJJIjCyJg3wb0stAt9ehhwGWZE7IDgRp8oqbHmW278tSwZfCpRTZrb4Mj31X6f0NyBhznC+5kbvuQnbHBt9QVakMDXg39c8lAlKpQWkfGhPyJdQqZLaa6pySVFs54sEf1iGo9Dh2vya10GSNUozkf31IXKoJ9h26MG51CK1/AaCKHiCyEydgwDMH/+GPyN1fn6EBwWnNSOwZ3JTM2IUhNbc34kYnRTcTlHxlTqO8AAAD//xFrDpUCAgAA"
          },
          "sensitive_attributes": []
        }
      ]
    },
    {
      "mode": "managed",
      "type": "azurerm_linux_virtual_machine",
      "name": "practicePrivate_vm",
      "provider": "provider[\"registry.terraform.io/hashicorp/azurerm\"]",
      "instances": [
        {
          "schema_version": 0,
          "attributes": {
            "additional_capabilities": [],
            "admin_password": null,
            "admin_ssh_key": [
              {
                "public_key": "ssh-rsa AAAAB3NzaC1yc2EAAAADAQABAAACAQDKrHX4sWprDzNldIdM3PXRI2YDCP/7DnTzqV49jMrOtrlRcNj+n/AsmxVnaABOMmU1fjFPKkklWvzV2zGXggsfUAtD9mGn7S8yiqPvKa1VO9KPF5Cek0Y7G+z8WiippnPOl4vlgZAtYnWrzJ+zplK0VrYqEKeMCg6S8PFbdIKpJaSVicVREGVMI56cDfz84GcctCP1mbfNdYBoL4YFY0E7NdJI5EMCs5d6/rTG7KmfDCM5nJEssBvI0TpGulpo1x59YhnzGN6Ne6fDuybLTgqWu6Oo/5bXPveAtFI1g9BW1ICz1WUpsLiLY5FIxX6MycRgeXxUsjmm9zsf0bFdJzc0tifl0oD8pq96ZGG3ANegCvAMm7F9p1xOsayo0UMDADqenQNpaXXrK3+VEFjBKhYuc8qR6WYVH3Ac4TuR7bDc9zJfxFBKMp6WIBQaefZHfj3eieTRaoms+umOApLfWMijQ7v8uHjxaUAOIPIZhLdM8Plai4Fzf5JSq+MC17i/MMAHaB3kZ6hnbmVyYwnEr1v7xoKeilbfer7Ysq10XVhKY4VYeCwikW8XFjUEflhRHbJvgDG78MPwOi057/HOz6n2nr5QhgoYx2SePtU+D5BuDg12gOj5pxFNsgm4y92LJuNzS3Bg9PY/hWb2ljYgw243OdgoCTe6FmmScPRydQhj9w== practice-diego\r\n",
                "username": "ansibleUser"
              }
            ],
            "admin_username": "ansibleUser",
            "allow_extension_operations": true,
            "availability_set_id": "",
            "boot_diagnostics": [],
            "capacity_reservation_group_id": "",
            "computer_name": "LinuxAnsible",
            "custom_data": "H4sIAAAAAAAA/2SRQWvrMBCE7wL/B+F3VvLe6YFDDm2TQw9poaSFnsxaWrtLbUldrdrk35ekdpOQk9iZb4YB3QUv6MVs9xErPeReKALLfKAduoVuQvYOeL8sN/eb9e3j88Pq5um1VIfLvCAnCr7S/2Z/C1UoY86hQk3dK0oxJJIjCyJg3wb0stAt9ehhwGWZE7IDgRp8oqbHmW278tSwZfCpRTZrb4Mj31X6f0NyBhznC+5kbvuQnbHBt9QVakMDXg39c8lAlKpQWkfGhPyJdQqZLaa6pySVFs54sEf1iGo9Dh2vya10GSNUozkf31IXKoJ9h26MG51CK1/AaCKHiCyEydgwDMH/+GPyN1fn6EBwWnNSOwZ3JTM2IUhNbc34kYnRTcTlHxlTqO8AAAD//xFrDpUCAgAA",
            "dedicated_host_group_id": "",
            "dedicated_host_id": "",
            "disable_password_authentication": true,
            "edge_zone": "",
            "encryption_at_host_enabled": false,
            "eviction_policy": "",
            "extensions_time_budget": "PT1H30M",
            "gallery_application": [],
            "id": "/subscriptions/63f494a1-be1c-4550-9188-5d40a7f0bf50/resourceGroups/PracticeRG/providers/Microsoft.Compute/virtualMachines/LinuxAnsible",
            "identity": [],
            "license_type": "",
            "location": "eastus",
            "max_bid_price": -1,
            "name": "LinuxAnsible",
            "network_interface_ids": [
              "/subscriptions/63f494a1-be1c-4550-9188-5d40a7f0bf50/resourceGroups/PracticeRG/providers/Microsoft.Network/networkInterfaces/PracticeInterface2"
            ],
            "os_disk": [
              {
                "caching": "ReadWrite",
                "diff_disk_settings": [],
                "disk_encryption_set_id": "",
                "disk_size_gb": 30,
                "name": "LinuxAnsible-OSdisk",
                "secure_vm_disk_encryption_set_id": "",
                "security_encryption_type": "",
                "storage_account_type": "Standard_LRS",
                "write_accelerator_enabled": false
              }
            ],
            "patch_assessment_mode": "ImageDefault",
            "patch_mode": "ImageDefault",
            "plan": [],
            "platform_fault_domain": -1,
            "priority": "Regular",
            "private_ip_address": "10.0.3.4",
            "private_ip_addresses": [
              "10.0.3.4"
            ],
            "provision_vm_agent": true,
            "proximity_placement_group_id": "",
            "public_ip_address": "20.231.42.55",
            "public_ip_addresses": [
              "20.231.42.55"
            ],
            "resource_group_name": "PracticeRG",
            "secret": [],
            "secure_boot_enabled": false,
            "size": "Standard_DS1_v2",
            "source_image_id": "",
            "source_image_reference": [
              {
                "offer": "UbuntuServer",
                "publisher": "Canonical",
                "sku": "16.04-LTS",
                "version": "latest"
              }
            ],
            "tags": {
              "environment": "norwaywest"
            },
            "termination_notification": null,
            "timeouts": null,
            "user_data": "",
            "virtual_machine_id": "cea08a88-33c0-4e68-bcb6-834717a25055",
            "virtual_machine_scale_set_id": "",
            "vtpm_enabled": false,
            "zone": ""
          },
          "sensitive_attributes": [],
          "private": "eyJlMmJmYjczMC1lY2FhLTExZTYtOGY4OC0zNDM2M2JjN2M0YzAiOnsiY3JlYXRlIjoyNzAwMDAwMDAwMDAwLCJkZWxldGUiOjI3MDAwMDAwMDAwMDAsInJlYWQiOjMwMDAwMDAwMDAwMCwidXBkYXRlIjoyNzAwMDAwMDAwMDAwfX0=",
          "dependencies": [
            "azurerm_network_interface.practice_private_nic",
            "azurerm_network_interface.practice_public_nic",
            "azurerm_public_ip.practice_pip",
            "azurerm_public_ip.practice_prip",
            "azurerm_resource_group.practice_rg",
            "azurerm_subnet.practice_subnet1",
            "azurerm_subnet.practice_subnet2",
            "azurerm_virtual_network.practice_vnet",
            "data.cloudinit_config.ansible"
          ]
        }
      ]
    },
    {
      "mode": "managed",
      "type": "azurerm_linux_virtual_machine",
      "name": "practicePublic_vm",
      "provider": "provider[\"registry.terraform.io/hashicorp/azurerm\"]",
      "instances": [
        {
          "schema_version": 0,
          "attributes": {
            "additional_capabilities": [],
            "admin_password": null,
            "admin_ssh_key": [
              {
                "public_key": "ssh-rsa AAAAB3NzaC1yc2EAAAADAQABAAACAQDlK+CreS/FtgMqNWHJkoC7UdymOpYZNTwnuE+8QNrrLX3a4Mx6LQhY46m+TcQ4NoG7nHwEmF964SBCZiPmyUCAN3kPBwgAnejgi5bFdNdIl6GE7gnLWgtnGMaNRjtMH1xJ+B3NJaqza2qZ7d4le8ktmhxQZeWS1wWGsJoaCUEMYJkBn89vBk1IuD9eBiOkFa+k3vUtNBwI5PAnOn7so5i92/av9Y+WLRuaMhZUFUZWr1rr+POaZt/kEI5FPLXTcb4xzeMJlavLQkbdBD2i7SDiF72tyviQ4joWhS5nO9+1NBZBw7br0L3IV8GOOqZPdWJwuN0IfDUFzXI7Ep1tJMsJ2xT43FtphuGRlR9mVTHZTiMgb1OHqvGUA7lI6TlTWJzJAiCmtIOLeUeioEPAxD8Xn/3+7ndJrzyVxJ5m78aLHikC1btiUQ1mF7DtXTN+ZiajQYTwbfzWtiwV/egLjvc/MYxtKtjbuSd9SFx3M3AUpaQ5imlcSbK/0v3LvBpUOZm5hcCCrK+sYhj1V49bxncRT56jrqm/k4USXhTK4VcUmRl6lPU0ldorMKxsxmhWjkc3DFZCIY7BGf57+HfJu7aL7JudQvxiVFXDHaxws2+W+cQcfMDowLQuEyY9eJltvRmG5lKSp3YgQ0YlFN9HAPYZWMeNlXVmdZF+DUO33xjYCQ== practice-diego\r\n",
                "username": "ansibleUser"
              }
            ],
            "admin_username": "ansibleUser",
            "allow_extension_operations": true,
            "availability_set_id": "",
            "boot_diagnostics": [],
            "capacity_reservation_group_id": "",
            "computer_name": "Linux",
            "custom_data": null,
            "dedicated_host_group_id": "",
            "dedicated_host_id": "",
            "disable_password_authentication": true,
            "edge_zone": "",
            "encryption_at_host_enabled": false,
            "eviction_policy": "",
            "extensions_time_budget": "PT1H30M",
            "gallery_application": [],
            "id": "/subscriptions/63f494a1-be1c-4550-9188-5d40a7f0bf50/resourceGroups/PracticeRG/providers/Microsoft.Compute/virtualMachines/Linux",
            "identity": [],
            "license_type": "",
            "location": "eastus",
            "max_bid_price": -1,
            "name": "Linux",
            "network_interface_ids": [
              "/subscriptions/63f494a1-be1c-4550-9188-5d40a7f0bf50/resourceGroups/PracticeRG/providers/Microsoft.Network/networkInterfaces/PracticeInterface1"
            ],
            "os_disk": [
              {
                "caching": "ReadWrite",
                "diff_disk_settings": [],
                "disk_encryption_set_id": "",
                "disk_size_gb": 30,
                "name": "Linux-OSdisk",
                "secure_vm_disk_encryption_set_id": "",
                "security_encryption_type": "",
                "storage_account_type": "Standard_LRS",
                "write_accelerator_enabled": false
              }
            ],
            "patch_assessment_mode": "ImageDefault",
            "patch_mode": "ImageDefault",
            "plan": [],
            "platform_fault_domain": -1,
            "priority": "Regular",
            "private_ip_address": "10.0.2.4",
            "private_ip_addresses": [
              "10.0.2.4"
            ],
            "provision_vm_agent": true,
            "proximity_placement_group_id": "",
            "public_ip_address": "20.231.42.108",
            "public_ip_addresses": [
              "20.231.42.108"
            ],
            "resource_group_name": "PracticeRG",
            "secret": [],
            "secure_boot_enabled": false,
            "size": "Standard_DS1_v2",
            "source_image_id": "",
            "source_image_reference": [
              {
                "offer": "UbuntuServer",
                "publisher": "Canonical",
                "sku": "16.04-LTS",
                "version": "latest"
              }
            ],
            "tags": {
              "environment": "norwaywest"
            },
            "termination_notification": null,
            "timeouts": null,
            "user_data": "",
            "virtual_machine_id": "6a576545-448a-40ef-9974-97f480cf09c3",
            "virtual_machine_scale_set_id": "",
            "vtpm_enabled": false,
            "zone": ""
          },
          "sensitive_attributes": [],
          "private": "eyJlMmJmYjczMC1lY2FhLTExZTYtOGY4OC0zNDM2M2JjN2M0YzAiOnsiY3JlYXRlIjoyNzAwMDAwMDAwMDAwLCJkZWxldGUiOjI3MDAwMDAwMDAwMDAsInJlYWQiOjMwMDAwMDAwMDAwMCwidXBkYXRlIjoyNzAwMDAwMDAwMDAwfX0=",
          "dependencies": [
            "azurerm_network_interface.practice_public_nic",
            "azurerm_public_ip.practice_pip",
            "azurerm_resource_group.practice_rg",
            "azurerm_subnet.practice_subnet1",
            "azurerm_virtual_network.practice_vnet"
          ]
        }
      ]
    },
    {
      "mode": "managed",
      "type": "azurerm_network_interface",
      "name": "practice_private_nic",
      "provider": "provider[\"registry.terraform.io/hashicorp/azurerm\"]",
      "instances": [
        {
          "schema_version": 0,
          "attributes": {
            "applied_dns_servers": [],
            "dns_servers": [],
            "edge_zone": "",
            "enable_accelerated_networking": false,
            "enable_ip_forwarding": false,
            "id": "/subscriptions/63f494a1-be1c-4550-9188-5d40a7f0bf50/resourceGroups/PracticeRG/providers/Microsoft.Network/networkInterfaces/PracticeInterface2",
            "internal_dns_name_label": "",
            "internal_domain_name_suffix": "mw5004wdkbzuvgemg31nz5pe0b.bx.internal.cloudapp.net",
            "ip_configuration": [
              {
                "gateway_load_balancer_frontend_ip_configuration_id": "",
                "name": "PracticePrivateID",
                "primary": true,
                "private_ip_address": "10.0.3.4",
                "private_ip_address_allocation": "Dynamic",
                "private_ip_address_version": "IPv4",
                "public_ip_address_id": "/subscriptions/63f494a1-be1c-4550-9188-5d40a7f0bf50/resourceGroups/PracticeRG/providers/Microsoft.Network/publicIPAddresses/PracticePRIP",
                "subnet_id": "/subscriptions/63f494a1-be1c-4550-9188-5d40a7f0bf50/resourceGroups/PracticeRG/providers/Microsoft.Network/virtualNetworks/PracticeVNET/subnets/PracticeSb2"
              }
            ],
            "location": "eastus",
            "mac_address": "",
            "name": "PracticeInterface2",
            "private_ip_address": "10.0.3.4",
            "private_ip_addresses": [
              "10.0.3.4"
            ],
            "resource_group_name": "PracticeRG",
            "tags": {
              "environment": "norwaywest"
            },
            "timeouts": null,
            "virtual_machine_id": ""
          },
          "sensitive_attributes": [],
          "private": "eyJlMmJmYjczMC1lY2FhLTExZTYtOGY4OC0zNDM2M2JjN2M0YzAiOnsiY3JlYXRlIjoxODAwMDAwMDAwMDAwLCJkZWxldGUiOjE4MDAwMDAwMDAwMDAsInJlYWQiOjMwMDAwMDAwMDAwMCwidXBkYXRlIjoxODAwMDAwMDAwMDAwfX0=",
          "dependencies": [
            "azurerm_public_ip.practice_prip",
            "azurerm_resource_group.practice_rg",
            "azurerm_subnet.practice_subnet2",
            "azurerm_virtual_network.practice_vnet"
          ]
        }
      ]
    },
    {
      "mode": "managed",
      "type": "azurerm_network_interface",
      "name": "practice_public_nic",
      "provider": "provider[\"registry.terraform.io/hashicorp/azurerm\"]",
      "instances": [
        {
          "schema_version": 0,
          "attributes": {
            "applied_dns_servers": [],
            "dns_servers": [],
            "edge_zone": "",
            "enable_accelerated_networking": false,
            "enable_ip_forwarding": false,
            "id": "/subscriptions/63f494a1-be1c-4550-9188-5d40a7f0bf50/resourceGroups/PracticeRG/providers/Microsoft.Network/networkInterfaces/PracticeInterface1",
            "internal_dns_name_label": "",
            "internal_domain_name_suffix": "mw5004wdkbzuvgemg31nz5pe0b.bx.internal.cloudapp.net",
            "ip_configuration": [
              {
                "gateway_load_balancer_frontend_ip_configuration_id": "",
                "name": "PracticePublicIp",
                "primary": true,
                "private_ip_address": "10.0.2.4",
                "private_ip_address_allocation": "Dynamic",
                "private_ip_address_version": "IPv4",
                "public_ip_address_id": "/subscriptions/63f494a1-be1c-4550-9188-5d40a7f0bf50/resourceGroups/PracticeRG/providers/Microsoft.Network/publicIPAddresses/PracticePIP",
                "subnet_id": "/subscriptions/63f494a1-be1c-4550-9188-5d40a7f0bf50/resourceGroups/PracticeRG/providers/Microsoft.Network/virtualNetworks/PracticeVNET/subnets/PracticeSb1"
              }
            ],
            "location": "eastus",
            "mac_address": "",
            "name": "PracticeInterface1",
            "private_ip_address": "10.0.2.4",
            "private_ip_addresses": [
              "10.0.2.4"
            ],
            "resource_group_name": "PracticeRG",
            "tags": {
              "environment": "norwaywest"
            },
            "timeouts": null,
            "virtual_machine_id": ""
          },
          "sensitive_attributes": [],
          "private": "eyJlMmJmYjczMC1lY2FhLTExZTYtOGY4OC0zNDM2M2JjN2M0YzAiOnsiY3JlYXRlIjoxODAwMDAwMDAwMDAwLCJkZWxldGUiOjE4MDAwMDAwMDAwMDAsInJlYWQiOjMwMDAwMDAwMDAwMCwidXBkYXRlIjoxODAwMDAwMDAwMDAwfX0=",
          "dependencies": [
            "azurerm_public_ip.practice_pip",
            "azurerm_resource_group.practice_rg",
            "azurerm_subnet.practice_subnet1",
            "azurerm_virtual_network.practice_vnet"
          ]
        }
      ]
    },
    {
      "mode": "managed",
      "type": "azurerm_network_security_group",
      "name": "practice_private_nsg",
      "provider": "provider[\"registry.terraform.io/hashicorp/azurerm\"]",
      "instances": [
        {
          "schema_version": 0,
          "attributes": {
            "id": "/subscriptions/63f494a1-be1c-4550-9188-5d40a7f0bf50/resourceGroups/PracticeRG/providers/Microsoft.Network/networkSecurityGroups/private-vm-nsg",
            "location": "eastus",
            "name": "private-vm-nsg",
            "resource_group_name": "PracticeRG",
            "security_rule": [
              {
                "access": "Allow",
                "description": "",
                "destination_address_prefix": "*",
                "destination_address_prefixes": [],
                "destination_application_security_group_ids": [],
                "destination_port_range": "*",
                "destination_port_ranges": [],
                "direction": "Inbound",
                "name": "forPrivate",
                "priority": 101,
                "protocol": "*",
                "source_address_prefix": "*",
                "source_address_prefixes": [],
                "source_application_security_group_ids": [],
                "source_port_range": "*",
                "source_port_ranges": []
              }
            ],
            "tags": null,
            "timeouts": null
          },
          "sensitive_attributes": [],
          "private": "eyJlMmJmYjczMC1lY2FhLTExZTYtOGY4OC0zNDM2M2JjN2M0YzAiOnsiY3JlYXRlIjoxODAwMDAwMDAwMDAwLCJkZWxldGUiOjE4MDAwMDAwMDAwMDAsInJlYWQiOjMwMDAwMDAwMDAwMCwidXBkYXRlIjoxODAwMDAwMDAwMDAwfX0=",
          "dependencies": [
            "azurerm_resource_group.practice_rg"
          ]
        }
      ]
    },
    {
      "mode": "managed",
      "type": "azurerm_network_security_group",
      "name": "practice_public_nsg",
      "provider": "provider[\"registry.terraform.io/hashicorp/azurerm\"]",
      "instances": [
        {
          "schema_version": 0,
          "attributes": {
            "id": "/subscriptions/63f494a1-be1c-4550-9188-5d40a7f0bf50/resourceGroups/PracticeRG/providers/Microsoft.Network/networkSecurityGroups/public-vm-nsg",
            "location": "eastus",
            "name": "public-vm-nsg",
            "resource_group_name": "PracticeRG",
            "security_rule": [
              {
                "access": "Allow",
                "description": "",
                "destination_address_prefix": "*",
                "destination_address_prefixes": [],
                "destination_application_security_group_ids": [],
                "destination_port_range": "*",
                "destination_port_ranges": [],
                "direction": "Inbound",
                "name": "forPrivate",
                "priority": 101,
                "protocol": "*",
                "source_address_prefix": "*",
                "source_address_prefixes": [],
                "source_application_security_group_ids": [],
                "source_port_range": "*",
                "source_port_ranges": []
              },
              {
                "access": "Allow",
                "description": "allow-rdp",
                "destination_address_prefix": "*",
                "destination_address_prefixes": [],
                "destination_application_security_group_ids": [],
                "destination_port_range": "3389",
                "destination_port_ranges": [],
                "direction": "Inbound",
                "name": "forPublic",
                "priority": 100,
                "protocol": "Tcp",
                "source_address_prefix": "0.0.0.0/0",
                "source_address_prefixes": [],
                "source_application_security_group_ids": [],
                "source_port_range": "*",
                "source_port_ranges": []
              }
            ],
            "tags": null,
            "timeouts": null
          },
          "sensitive_attributes": [],
          "private": "eyJlMmJmYjczMC1lY2FhLTExZTYtOGY4OC0zNDM2M2JjN2M0YzAiOnsiY3JlYXRlIjoxODAwMDAwMDAwMDAwLCJkZWxldGUiOjE4MDAwMDAwMDAwMDAsInJlYWQiOjMwMDAwMDAwMDAwMCwidXBkYXRlIjoxODAwMDAwMDAwMDAwfX0=",
          "dependencies": [
            "azurerm_resource_group.practice_rg"
          ]
        }
      ]
    },
    {
      "mode": "managed",
      "type": "azurerm_public_ip",
      "name": "practice_pip",
      "provider": "provider[\"registry.terraform.io/hashicorp/azurerm\"]",
      "instances": [
        {
          "schema_version": 0,
          "attributes": {
            "allocation_method": "Static",
            "ddos_protection_mode": "VirtualNetworkInherited",
            "ddos_protection_plan_id": null,
            "domain_name_label": null,
            "edge_zone": "",
            "fqdn": null,
            "id": "/subscriptions/63f494a1-be1c-4550-9188-5d40a7f0bf50/resourceGroups/PracticeRG/providers/Microsoft.Network/publicIPAddresses/PracticePIP",
            "idle_timeout_in_minutes": 4,
            "ip_address": "20.231.42.108",
            "ip_tags": null,
            "ip_version": "IPv4",
            "location": "eastus",
            "name": "PracticePIP",
            "public_ip_prefix_id": null,
            "resource_group_name": "PracticeRG",
            "reverse_fqdn": null,
            "sku": "Basic",
            "sku_tier": "Regional",
            "tags": {
              "environment": "norwaywest"
            },
            "timeouts": null,
            "zones": null
          },
          "sensitive_attributes": [],
          "private": "eyJlMmJmYjczMC1lY2FhLTExZTYtOGY4OC0zNDM2M2JjN2M0YzAiOnsiY3JlYXRlIjoxODAwMDAwMDAwMDAwLCJkZWxldGUiOjE4MDAwMDAwMDAwMDAsInJlYWQiOjMwMDAwMDAwMDAwMCwidXBkYXRlIjoxODAwMDAwMDAwMDAwfX0=",
          "dependencies": [
            "azurerm_resource_group.practice_rg"
          ]
        }
      ]
    },
    {
      "mode": "managed",
      "type": "azurerm_public_ip",
      "name": "practice_prip",
      "provider": "provider[\"registry.terraform.io/hashicorp/azurerm\"]",
      "instances": [
        {
          "schema_version": 0,
          "attributes": {
            "allocation_method": "Static",
            "ddos_protection_mode": "VirtualNetworkInherited",
            "ddos_protection_plan_id": null,
            "domain_name_label": null,
            "edge_zone": "",
            "fqdn": null,
            "id": "/subscriptions/63f494a1-be1c-4550-9188-5d40a7f0bf50/resourceGroups/PracticeRG/providers/Microsoft.Network/publicIPAddresses/PracticePRIP",
            "idle_timeout_in_minutes": 4,
            "ip_address": "20.231.42.55",
            "ip_tags": null,
            "ip_version": "IPv4",
            "location": "eastus",
            "name": "PracticePRIP",
            "public_ip_prefix_id": null,
            "resource_group_name": "PracticeRG",
            "reverse_fqdn": null,
            "sku": "Basic",
            "sku_tier": "Regional",
            "tags": {
              "environment": "norwaywest"
            },
            "timeouts": null,
            "zones": null
          },
          "sensitive_attributes": [],
          "private": "eyJlMmJmYjczMC1lY2FhLTExZTYtOGY4OC0zNDM2M2JjN2M0YzAiOnsiY3JlYXRlIjoxODAwMDAwMDAwMDAwLCJkZWxldGUiOjE4MDAwMDAwMDAwMDAsInJlYWQiOjMwMDAwMDAwMDAwMCwidXBkYXRlIjoxODAwMDAwMDAwMDAwfX0=",
          "dependencies": [
            "azurerm_resource_group.practice_rg"
          ]
        }
      ]
    },
    {
      "mode": "managed",
      "type": "azurerm_resource_group",
      "name": "practice_rg",
      "provider": "provider[\"registry.terraform.io/hashicorp/azurerm\"]",
      "instances": [
        {
          "schema_version": 0,
          "attributes": {
            "id": "/subscriptions/63f494a1-be1c-4550-9188-5d40a7f0bf50/resourceGroups/PracticeRG",
            "location": "eastus",
            "name": "PracticeRG",
            "tags": {
              "Environment": "norwaywest",
              "Team": "DiegoDevOps"
            },
            "timeouts": null
          },
          "sensitive_attributes": [],
          "private": "eyJlMmJmYjczMC1lY2FhLTExZTYtOGY4OC0zNDM2M2JjN2M0YzAiOnsiY3JlYXRlIjo1NDAwMDAwMDAwMDAwLCJkZWxldGUiOjU0MDAwMDAwMDAwMDAsInJlYWQiOjMwMDAwMDAwMDAwMCwidXBkYXRlIjo1NDAwMDAwMDAwMDAwfX0="
        }
      ]
    },
    {
      "mode": "managed",
      "type": "azurerm_subnet",
      "name": "practice_subnet1",
      "provider": "provider[\"registry.terraform.io/hashicorp/azurerm\"]",
      "instances": [
        {
          "schema_version": 0,
          "attributes": {
            "address_prefixes": [
              "10.0.2.0/24"
            ],
            "delegation": [],
            "enforce_private_link_endpoint_network_policies": false,
            "enforce_private_link_service_network_policies": false,
            "id": "/subscriptions/63f494a1-be1c-4550-9188-5d40a7f0bf50/resourceGroups/PracticeRG/providers/Microsoft.Network/virtualNetworks/PracticeVNET/subnets/PracticeSb1",
            "name": "PracticeSb1",
            "private_endpoint_network_policies_enabled": true,
            "private_link_service_network_policies_enabled": true,
            "resource_group_name": "PracticeRG",
            "service_endpoint_policy_ids": null,
            "service_endpoints": null,
            "timeouts": null,
            "virtual_network_name": "PracticeVNET"
          },
          "sensitive_attributes": [],
          "private": "eyJlMmJmYjczMC1lY2FhLTExZTYtOGY4OC0zNDM2M2JjN2M0YzAiOnsiY3JlYXRlIjoxODAwMDAwMDAwMDAwLCJkZWxldGUiOjE4MDAwMDAwMDAwMDAsInJlYWQiOjMwMDAwMDAwMDAwMCwidXBkYXRlIjoxODAwMDAwMDAwMDAwfX0=",
          "dependencies": [
            "azurerm_resource_group.practice_rg",
            "azurerm_virtual_network.practice_vnet"
          ]
        }
      ]
    },
    {
      "mode": "managed",
      "type": "azurerm_subnet",
      "name": "practice_subnet2",
      "provider": "provider[\"registry.terraform.io/hashicorp/azurerm\"]",
      "instances": [
        {
          "schema_version": 0,
          "attributes": {
            "address_prefixes": [
              "10.0.3.0/24"
            ],
            "delegation": [],
            "enforce_private_link_endpoint_network_policies": false,
            "enforce_private_link_service_network_policies": false,
            "id": "/subscriptions/63f494a1-be1c-4550-9188-5d40a7f0bf50/resourceGroups/PracticeRG/providers/Microsoft.Network/virtualNetworks/PracticeVNET/subnets/PracticeSb2",
            "name": "PracticeSb2",
            "private_endpoint_network_policies_enabled": true,
            "private_link_service_network_policies_enabled": true,
            "resource_group_name": "PracticeRG",
            "service_endpoint_policy_ids": null,
            "service_endpoints": null,
            "timeouts": null,
            "virtual_network_name": "PracticeVNET"
          },
          "sensitive_attributes": [],
          "private": "eyJlMmJmYjczMC1lY2FhLTExZTYtOGY4OC0zNDM2M2JjN2M0YzAiOnsiY3JlYXRlIjoxODAwMDAwMDAwMDAwLCJkZWxldGUiOjE4MDAwMDAwMDAwMDAsInJlYWQiOjMwMDAwMDAwMDAwMCwidXBkYXRlIjoxODAwMDAwMDAwMDAwfX0=",
          "dependencies": [
            "azurerm_resource_group.practice_rg",
            "azurerm_virtual_network.practice_vnet"
          ]
        }
      ]
    },
    {
      "mode": "managed",
      "type": "azurerm_subnet_network_security_group_association",
      "name": "securitySubnetPrivate",
      "provider": "provider[\"registry.terraform.io/hashicorp/azurerm\"]",
      "instances": [
        {
          "schema_version": 0,
          "attributes": {
            "id": "/subscriptions/63f494a1-be1c-4550-9188-5d40a7f0bf50/resourceGroups/PracticeRG/providers/Microsoft.Network/virtualNetworks/PracticeVNET/subnets/PracticeSb2",
            "network_security_group_id": "/subscriptions/63f494a1-be1c-4550-9188-5d40a7f0bf50/resourceGroups/PracticeRG/providers/Microsoft.Network/networkSecurityGroups/private-vm-nsg",
            "subnet_id": "/subscriptions/63f494a1-be1c-4550-9188-5d40a7f0bf50/resourceGroups/PracticeRG/providers/Microsoft.Network/virtualNetworks/PracticeVNET/subnets/PracticeSb2",
            "timeouts": null
          },
          "sensitive_attributes": [],
          "private": "eyJlMmJmYjczMC1lY2FhLTExZTYtOGY4OC0zNDM2M2JjN2M0YzAiOnsiY3JlYXRlIjoxODAwMDAwMDAwMDAwLCJkZWxldGUiOjE4MDAwMDAwMDAwMDAsInJlYWQiOjMwMDAwMDAwMDAwMCwidXBkYXRlIjoxODAwMDAwMDAwMDAwfX0=",
          "dependencies": [
            "azurerm_network_security_group.practice_private_nsg",
            "azurerm_resource_group.practice_rg",
            "azurerm_subnet.practice_subnet2",
            "azurerm_virtual_network.practice_vnet"
          ]
        }
      ]
    },
    {
      "mode": "managed",
      "type": "azurerm_subnet_network_security_group_association",
      "name": "securitySubnetPublic",
      "provider": "provider[\"registry.terraform.io/hashicorp/azurerm\"]",
      "instances": [
        {
          "schema_version": 0,
          "attributes": {
            "id": "/subscriptions/63f494a1-be1c-4550-9188-5d40a7f0bf50/resourceGroups/PracticeRG/providers/Microsoft.Network/virtualNetworks/PracticeVNET/subnets/PracticeSb1",
            "network_security_group_id": "/subscriptions/63f494a1-be1c-4550-9188-5d40a7f0bf50/resourceGroups/PracticeRG/providers/Microsoft.Network/networkSecurityGroups/public-vm-nsg",
            "subnet_id": "/subscriptions/63f494a1-be1c-4550-9188-5d40a7f0bf50/resourceGroups/PracticeRG/providers/Microsoft.Network/virtualNetworks/PracticeVNET/subnets/PracticeSb1",
            "timeouts": null
          },
          "sensitive_attributes": [],
          "private": "eyJlMmJmYjczMC1lY2FhLTExZTYtOGY4OC0zNDM2M2JjN2M0YzAiOnsiY3JlYXRlIjoxODAwMDAwMDAwMDAwLCJkZWxldGUiOjE4MDAwMDAwMDAwMDAsInJlYWQiOjMwMDAwMDAwMDAwMCwidXBkYXRlIjoxODAwMDAwMDAwMDAwfX0=",
          "dependencies": [
            "azurerm_network_security_group.practice_public_nsg",
            "azurerm_resource_group.practice_rg",
            "azurerm_subnet.practice_subnet1",
            "azurerm_virtual_network.practice_vnet"
          ]
        }
      ]
    },
    {
      "mode": "managed",
      "type": "azurerm_virtual_network",
      "name": "practice_vnet",
      "provider": "provider[\"registry.terraform.io/hashicorp/azurerm\"]",
      "instances": [
        {
          "schema_version": 0,
          "attributes": {
            "address_space": [
              "10.0.0.0/16"
            ],
            "bgp_community": "",
            "ddos_protection_plan": [],
            "dns_servers": [],
            "edge_zone": "",
            "flow_timeout_in_minutes": 0,
            "guid": "7aadbf65-50c3-4a73-988c-3776dcfde4d1",
            "id": "/subscriptions/63f494a1-be1c-4550-9188-5d40a7f0bf50/resourceGroups/PracticeRG/providers/Microsoft.Network/virtualNetworks/PracticeVNET",
            "location": "eastus",
            "name": "PracticeVNET",
            "resource_group_name": "PracticeRG",
            "subnet": [],
            "tags": null,
            "timeouts": null
          },
          "sensitive_attributes": [],
          "private": "eyJlMmJmYjczMC1lY2FhLTExZTYtOGY4OC0zNDM2M2JjN2M0YzAiOnsiY3JlYXRlIjoxODAwMDAwMDAwMDAwLCJkZWxldGUiOjE4MDAwMDAwMDAwMDAsInJlYWQiOjMwMDAwMDAwMDAwMCwidXBkYXRlIjoxODAwMDAwMDAwMDAwfX0=",
          "dependencies": [
            "azurerm_resource_group.practice_rg"
          ]
        }
      ]
    }
  ],
  "check_results": null
}
